
Microsoft Visual Studio Solution File, Format Version 12.00
# Visual Studio Version 16
VisualStudioVersion = 16.0.33529.622
MinimumVisualStudioVersion = 10.0.40219.1
Project("{FAE04EC0-301F-11D3-BF4B-00C04F79EFBC}") = "лр13", "лр13\лр13.csproj", "{19278E95-864D-4F1D-A0F3-EEB531773845}"
EndProject
Global
	GlobalSection(SolutionConfigurationPlatforms) = preSolution
		Debug|Any CPU = Debug|Any CPU
		Release|Any CPU = Release|Any CPU
	EndGlobalSection
	GlobalSection(ProjectConfigurationPlatforms) = postSolution
		{19278E95-864D-4F1D-A0F3-EEB531773845}.Debug|Any CPU.ActiveCfg = Debug|Any CPU
		{19278E95-864D-4F1D-A0F3-EEB531773845}.Debug|Any CPU.Build.0 = Debug|Any CPU
		{19278E95-864D-4F1D-A0F3-EEB531773845}.Release|Any CPU.ActiveCfg = Release|Any CPU
		{19278E95-864D-4F1D-A0F3-EEB531773845}.Release|Any CPU.Build.0 = Release|Any CPU
	EndGlobalSection
	GlobalSection(SolutionProperties) = preSolution
		HideSolutionNode = FALSE
	EndGlobalSection
	GlobalSection(ExtensibilityGlobals) = postSolution
		SolutionGuid = {A2DAE5CA-CE3F-48DE-B819-C2F57D225F8C}
	EndGlobalSection
EndGlobal
